
Microsoft Visual Studio Solution File, Format Version 12.00
# Visual Studio 15
VisualStudioVersion = 15.0.27703.2026
MinimumVisualStudioVersion = 10.0.40219.1
Project("{8BC9CEB8-8B4A-11D0-8D11-00A0C91BC942}") = "TP1", "TP1\TP1.vcxproj", "{AB3BFF35-D5AF-45BA-AD69-0FC918382D67}"
EndProject
Global
	GlobalSection(SolutionConfigurationPlatforms) = preSolution
		Debug|x64 = Debug|x64
		Debug|x86 = Debug|x86
		Release|x64 = Release|x64
		Release|x86 = Release|x86
	EndGlobalSection
	GlobalSection(ProjectConfigurationPlatforms) = postSolution
		{AB3BFF35-D5AF-45BA-AD69-0FC918382D67}.Debug|x64.ActiveCfg = Debug|x64
		{AB3BFF35-D5AF-45BA-AD69-0FC918382D67}.Debug|x64.Build.0 = Debug|x64
		{AB3BFF35-D5AF-45BA-AD69-0FC918382D67}.Debug|x86.ActiveCfg = Debug|Win32
		{AB3BFF35-D5AF-45BA-AD69-0FC918382D67}.Debug|x86.Build.0 = Debug|Win32
		{AB3BFF35-D5AF-45BA-AD69-0FC918382D67}.Release|x64.ActiveCfg = Release|x64
		{AB3BFF35-D5AF-45BA-AD69-0FC918382D67}.Release|x64.Build.0 = Release|x64
		{AB3BFF35-D5AF-45BA-AD69-0FC918382D67}.Release|x86.ActiveCfg = Release|Win32
		{AB3BFF35-D5AF-45BA-AD69-0FC918382D67}.Release|x86.Build.0 = Release|Win32
	EndGlobalSection
	GlobalSection(SolutionProperties) = preSolution
		HideSolutionNode = FALSE
	EndGlobalSection
	GlobalSection(ExtensibilityGlobals) = postSolution
		SolutionGuid = {BD81107C-309A-4994-BD1B-20D87C204F83}
	EndGlobalSection
EndGlobal
